hash: ec3b5f2f6e8cd52884ec4525ab41cf05ad782eb4b80d95f663888e24916124ef
updated: 2018-07-16T23:31:55.86971515+02:00
imports:
- name: github.com/asm-jaime/gen
  version: 04cd8ee4dfcbc0dee48a83d444fe346b9c9f0168
- name: github.com/birkelund/boltdbcache
  version: d9be082dca00d07899b8993c70e68bfc3fb8ac21
- name: github.com/bradfitz/gomemcache
  version: bc664df9673713a0ccf26e3b55a673ec7301088b
  subpackages:
  - memcache
- name: github.com/coreos/bbolt
  version: af9db2027c98c61ecd8e17caa5bd265792b9b9a2
- name: github.com/devopsfaith/krakend
  version: 1e232acc93ec82324426468630b8624730268fed
  subpackages:
  - config
  - core
  - encoding
  - logging
  - proxy
  - register
  - register/internal
  - router
  - router/gin
  - sd
- name: github.com/dgrijalva/jwt-go
  version: 06ea1031745cb8b3dab3f6a236daf2b0aa468b7e
  subpackages:
  - request
- name: github.com/die-net/lrucache
  version: 04b9315ab7a61886b4e51dba37a9c7cc14885fae
  subpackages:
  - twotier
- name: github.com/fsnotify/fsnotify
  version: c2828203cd70a50dcccfb2761f8b1f8ceef9a8e9
- name: github.com/garyburd/redigo
  version: b8dc90050f24c1a73a52f107f3f575be67b21b7c
  subpackages:
  - internal
  - redis
- name: github.com/gin-gonic/contrib
  version: 39cfb9727134fef3120d2458fce5fab14265a46c
  subpackages:
  - cache
  - jwt
  - secure
  - static
- name: github.com/gin-gonic/gin
  version: f931d1ea80ae95a6fc739213cdd9399bd2967fb6
  subpackages:
  - binding
  - render
- name: github.com/golang/protobuf
  version: 2402d76f3d41f928c7902a765dfc872356dd3aad
  subpackages:
  - proto
- name: github.com/golang/snappy
  version: cef980a12b316c5b7e5bb3a8e168eb43ae999a88
- name: github.com/google/btree
  version: e89373fe6b4a7413d7acd6da1725b83ef713e6e4
- name: github.com/googollee/go-engine.io
  version: 3c3145340e676971209507021a435520c2700d92
  subpackages:
  - message
  - parser
  - polling
  - transport
  - websocket
- name: github.com/googollee/go-socket.io
  version: f12da5711bc66c18a0724987fff7f4f3db35c70f
- name: github.com/gorilla/context
  version: 08b5f424b9271eedf6f9f0ce86cb9396ed337a42
- name: github.com/gorilla/mux
  version: cb4698366aa625048f3b815af6a0dea8aef9280a
- name: github.com/gorilla/websocket
  version: 5ed622c449da6d44c3c8329331ff47a9e5844f71
- name: github.com/gregjones/httpcache
  version: 9cad4c3443a7200dd6400aef47183728de563a38
  subpackages:
  - diskcache
  - leveldbcache
  - memcache
- name: github.com/k0kubun/pp
  version: e057ee7a28277be4d2af303443b6da377768181f
- name: github.com/manucorporat/sse
  version: ee05b128a739a0fb76c7ebd3ae4810c1de808d6d
- name: github.com/mattn/go-colorable
  version: d228849504861217f796da67fae4f6e347643f15
- name: github.com/mattn/go-isatty
  version: 30a891c33c7cde7b02a981314b4228ec99380cca
- name: github.com/peterbourgon/diskv
  version: 0646ccaebea1ed1539efcab30cae44019090093f
- name: github.com/robfig/go-cache
  version: 9fc39e0dbf62c034ec4e45e6120fc69433a3ec51
- name: github.com/sniperkit/janus
  version: a052031165470a18fee2628dcf7026bebe166ea8
  subpackages:
  - config
  - rest
  - server
- name: github.com/syndtr/goleveldb
  version: c4c61651e9e37fa117f53c5a906d3b63090d8445
  subpackages:
  - leveldb
  - leveldb/cache
  - leveldb/comparer
  - leveldb/errors
  - leveldb/filter
  - leveldb/iterator
  - leveldb/journal
  - leveldb/memdb
  - leveldb/opt
  - leveldb/storage
  - leveldb/table
  - leveldb/util
- name: golang.org/x/net
  version: f315505cf3349909cdf013ea56690da34e96a451
  subpackages:
  - context
  - websocket
- name: golang.org/x/sys
  version: d75a52659825e75fff6158388dddc6a5b04f9ba5
  subpackages:
  - unix
- name: gopkg.in/gin-contrib/cors.v1
  version: cf4846e6a636a76237a28d9286f163c132e841bc
- name: gopkg.in/go-playground/validator.v8
  version: c193cecd124b5cc722d7ee5538e945bdb3348435
- name: gopkg.in/yaml.v2
  version: e4d366fc3c7938e2958e662b4258c7a89e1f0e3e
testImports: []
